
Microsoft Visual Studio Solution File, Format Version 12.00
# Visual Studio 2012
Project("{F2A71F9B-5D33-465A-A702-920D77279786}") = "Blink", "Blink\Blink.fsproj", "{F762FFEC-3D6A-45B6-9B8A-2FE579E8FC79}"
EndProject
Project("{930C7802-8A8C-48F9-8165-68863BCCD9DD}") = "AwareBlinkMsi", "AwareBlinkMsi\AwareBlinkMsi.wixproj", "{78216E01-5030-44BB-B103-87B57A63A0A2}"
EndProject
Global
	GlobalSection(SolutionConfigurationPlatforms) = preSolution
		Debug|Any CPU = Debug|Any CPU
		Debug|Mixed Platforms = Debug|Mixed Platforms
		Debug|x86 = Debug|x86
		Release|Any CPU = Release|Any CPU
		Release|Mixed Platforms = Release|Mixed Platforms
		Release|x86 = Release|x86
	EndGlobalSection
	GlobalSection(ProjectConfigurationPlatforms) = postSolution
		{F762FFEC-3D6A-45B6-9B8A-2FE579E8FC79}.Debug|Any CPU.ActiveCfg = Debug|Any CPU
		{F762FFEC-3D6A-45B6-9B8A-2FE579E8FC79}.Debug|Any CPU.Build.0 = Debug|Any CPU
		{F762FFEC-3D6A-45B6-9B8A-2FE579E8FC79}.Debug|Mixed Platforms.ActiveCfg = Debug|Any CPU
		{F762FFEC-3D6A-45B6-9B8A-2FE579E8FC79}.Debug|Mixed Platforms.Build.0 = Debug|Any CPU
		{F762FFEC-3D6A-45B6-9B8A-2FE579E8FC79}.Debug|x86.ActiveCfg = Debug|Any CPU
		{F762FFEC-3D6A-45B6-9B8A-2FE579E8FC79}.Release|Any CPU.ActiveCfg = Release|Any CPU
		{F762FFEC-3D6A-45B6-9B8A-2FE579E8FC79}.Release|Any CPU.Build.0 = Release|Any CPU
		{F762FFEC-3D6A-45B6-9B8A-2FE579E8FC79}.Release|Mixed Platforms.ActiveCfg = Release|Any CPU
		{F762FFEC-3D6A-45B6-9B8A-2FE579E8FC79}.Release|Mixed Platforms.Build.0 = Release|Any CPU
		{F762FFEC-3D6A-45B6-9B8A-2FE579E8FC79}.Release|x86.ActiveCfg = Release|Any CPU
		{78216E01-5030-44BB-B103-87B57A63A0A2}.Debug|Any CPU.ActiveCfg = Debug|x86
		{78216E01-5030-44BB-B103-87B57A63A0A2}.Debug|Mixed Platforms.ActiveCfg = Debug|x86
		{78216E01-5030-44BB-B103-87B57A63A0A2}.Debug|Mixed Platforms.Build.0 = Debug|x86
		{78216E01-5030-44BB-B103-87B57A63A0A2}.Debug|x86.ActiveCfg = Debug|x86
		{78216E01-5030-44BB-B103-87B57A63A0A2}.Debug|x86.Build.0 = Debug|x86
		{78216E01-5030-44BB-B103-87B57A63A0A2}.Release|Any CPU.ActiveCfg = Release|x86
		{78216E01-5030-44BB-B103-87B57A63A0A2}.Release|Mixed Platforms.ActiveCfg = Release|x86
		{78216E01-5030-44BB-B103-87B57A63A0A2}.Release|Mixed Platforms.Build.0 = Release|x86
		{78216E01-5030-44BB-B103-87B57A63A0A2}.Release|x86.ActiveCfg = Release|x86
		{78216E01-5030-44BB-B103-87B57A63A0A2}.Release|x86.Build.0 = Release|x86
	EndGlobalSection
	GlobalSection(SolutionProperties) = preSolution
		HideSolutionNode = FALSE
	EndGlobalSection
EndGlobal
